{
  "requires": true,
  "lockfileVersion": 1,
  "dependencies": {
    "async": {
      "version": "1.5.2",
      "resolved": "https://registry.npmjs.org/async/-/async-1.5.2.tgz",
      "integrity": "sha1-7GphrlZIDAw8skHJVhjiCJL5Zyo="
    },
    "check-types": {
      "version": "4.3.0",
      "resolved": "https://registry.npmjs.org/check-types/-/check-types-4.3.0.tgz",
      "integrity": "sha1-90OvhLqh4hpXohv2AZsOM+tqEsE="
    },
    "commander": {
      "version": "2.20.0",
      "resolved": "https://registry.npmjs.org/commander/-/commander-2.20.0.tgz",
      "integrity": "sha512-7j2y+40w61zy6YC2iRNpUe/NwhNyoXrYpHMrSunaMG64nRnaf96zO/KMQR4OyN/UnE5KLyEBnKHd4aG3rskjpQ=="
    },
    "complexity-report": {
      "version": "2.0.0-alpha",
      "resolved": "https://registry.npmjs.org/complexity-report/-/complexity-report-2.0.0-alpha.tgz",
      "integrity": "sha1-nzsB5HCwuhHMpHJrQut/IaoEOxw=",
      "requires": {
        "async": "^1.4.2",
        "check-types": "^4.2.0",
        "commander": "^2.9.0",
        "escomplex": "2.0.0-alpha",
        "esprima": "^2.7.2"
      }
    },
    "escomplex": {
      "version": "2.0.0-alpha",
      "resolved": "https://registry.npmjs.org/escomplex/-/escomplex-2.0.0-alpha.tgz",
      "integrity": "sha1-/Wp5hl2br1fEw+0bL+Z3cU5ElgY=",
      "requires": {
        "check-types": "^5.1.0"
      },
      "dependencies": {
        "check-types": {
          "version": "5.1.0",
          "resolved": "https://registry.npmjs.org/check-types/-/check-types-5.1.0.tgz",
          "integrity": "sha1-NzlN07YEKlEVXpJsOpF1PUmeXcg="
        }
      }
    },
    "esprima": {
      "version": "2.7.3",
      "resolved": "https://registry.npmjs.org/esprima/-/esprima-2.7.3.tgz",
      "integrity": "sha1-luO3DVd59q1JzQMmc9HDEnZ7pYE="
    },
    "iso-language-converter": {
      "version": "1.1.0",
      "resolved": "https://registry.npmjs.org/iso-language-converter/-/iso-language-converter-1.1.0.tgz",
      "integrity": "sha1-KVM7d0T2iU1HBumLzqBiGK2FgII="
    }
  }
}
